
Microsoft Visual Studio Solution File, Format Version 12.00
# Visual Studio Version 17
VisualStudioVersion = 17.14.37027.9
MinimumVisualStudioVersion = 10.0.40219.1
Project("{FAE04EC0-301F-11D3-BF4B-00C04F79EFBC}") = "Testwick", "Testwick\Testwick.csproj", "{2B6863F6-CD11-4CB9-A703-E6298BA2DDE8}"
EndProject
Global
	GlobalSection(SolutionConfigurationPlatforms) = preSolution
		Debug|Any CPU = Debug|Any CPU
		Release|Any CPU = Release|Any CPU
	EndGlobalSection
	GlobalSection(ProjectConfigurationPlatforms) = postSolution
		{2B6863F6-CD11-4CB9-A703-E6298BA2DDE8}.Debug|Any CPU.ActiveCfg = Debug|Any CPU
		{2B6863F6-CD11-4CB9-A703-E6298BA2DDE8}.Debug|Any CPU.Build.0 = Debug|Any CPU
		{2B6863F6-CD11-4CB9-A703-E6298BA2DDE8}.Release|Any CPU.ActiveCfg = Release|Any CPU
		{2B6863F6-CD11-4CB9-A703-E6298BA2DDE8}.Release|Any CPU.Build.0 = Release|Any CPU
	EndGlobalSection
	GlobalSection(SolutionProperties) = preSolution
		HideSolutionNode = FALSE
	EndGlobalSection
	GlobalSection(ExtensibilityGlobals) = postSolution
		SolutionGuid = {FD4626C9-DECA-453F-821D-FE1DD6B64F4C}
	EndGlobalSection
EndGlobal
